
Microsoft Visual Studio Solution File, Format Version 12.00
# Visual Studio Version 16
VisualStudioVersion = 16.0.29728.190
MinimumVisualStudioVersion = 10.0.40219.1
Project("{9A19103F-16F7-4668-BE54-9A1E7A4F7556}") = "Abramyan2.0", "Abramyan2.0\Abramyan2.0.csproj", "{1DF815CA-96BA-4539-B1C2-E8DFB62497C1}"
EndProject
Project("{FAE04EC0-301F-11D3-BF4B-00C04F79EFBC}") = "Arrays", "Arrays\Arrays.csproj", "{B261E028-AA78-4C7B-ABDD-D4DC7CBD6A1D}"
EndProject
Global
	GlobalSection(SolutionConfigurationPlatforms) = preSolution
		Debug|Any CPU = Debug|Any CPU
		Release|Any CPU = Release|Any CPU
	EndGlobalSection
	GlobalSection(ProjectConfigurationPlatforms) = postSolution
		{1DF815CA-96BA-4539-B1C2-E8DFB62497C1}.Debug|Any CPU.ActiveCfg = Debug|Any CPU
		{1DF815CA-96BA-4539-B1C2-E8DFB62497C1}.Debug|Any CPU.Build.0 = Debug|Any CPU
		{1DF815CA-96BA-4539-B1C2-E8DFB62497C1}.Release|Any CPU.ActiveCfg = Release|Any CPU
		{1DF815CA-96BA-4539-B1C2-E8DFB62497C1}.Release|Any CPU.Build.0 = Release|Any CPU
		{B261E028-AA78-4C7B-ABDD-D4DC7CBD6A1D}.Debug|Any CPU.ActiveCfg = Debug|Any CPU
		{B261E028-AA78-4C7B-ABDD-D4DC7CBD6A1D}.Debug|Any CPU.Build.0 = Debug|Any CPU
		{B261E028-AA78-4C7B-ABDD-D4DC7CBD6A1D}.Release|Any CPU.ActiveCfg = Release|Any CPU
		{B261E028-AA78-4C7B-ABDD-D4DC7CBD6A1D}.Release|Any CPU.Build.0 = Release|Any CPU
	EndGlobalSection
	GlobalSection(SolutionProperties) = preSolution
		HideSolutionNode = FALSE
	EndGlobalSection
	GlobalSection(ExtensibilityGlobals) = postSolution
		SolutionGuid = {9EBF7D19-A022-4E85-9978-4FB9378D8775}
	EndGlobalSection
EndGlobal
